
Microsoft Visual Studio Solution File, Format Version 12.00
# Visual Studio Version 17
VisualStudioVersion = 17.14.36109.1 d17.14
MinimumVisualStudioVersion = 10.0.40219.1
Project("{FAE04EC0-301F-11D3-BF4B-00C04F79EFBC}") = "AionCoreBot", "AionCoreBot\AionCoreBot.csproj", "{001F4ED4-01DC-4473-81A9-B9E31DF12310}"
EndProject
Global
	GlobalSection(SolutionConfigurationPlatforms) = preSolution
		Debug|Any CPU = Debug|Any CPU
		Release|Any CPU = Release|Any CPU
	EndGlobalSection
	GlobalSection(ProjectConfigurationPlatforms) = postSolution
		{001F4ED4-01DC-4473-81A9-B9E31DF12310}.Debug|Any CPU.ActiveCfg = Debug|Any CPU
		{001F4ED4-01DC-4473-81A9-B9E31DF12310}.Debug|Any CPU.Build.0 = Debug|Any CPU
		{001F4ED4-01DC-4473-81A9-B9E31DF12310}.Release|Any CPU.ActiveCfg = Release|Any CPU
		{001F4ED4-01DC-4473-81A9-B9E31DF12310}.Release|Any CPU.Build.0 = Release|Any CPU
	EndGlobalSection
	GlobalSection(SolutionProperties) = preSolution
		HideSolutionNode = FALSE
	EndGlobalSection
	GlobalSection(ExtensibilityGlobals) = postSolution
		SolutionGuid = {48073E9A-F071-45FC-A0F2-B661FEEE9CC9}
	EndGlobalSection
EndGlobal
